
Microsoft Visual Studio Solution File, Format Version 12.00
# Visual Studio Version 16
VisualStudioVersion = 16.0.30804.86
MinimumVisualStudioVersion = 10.0.40219.1
Project("{9A19103F-16F7-4668-BE54-9A1E7A4F7556}") = "TaskListCapstone", "TaskListCapstone\TaskListCapstone.csproj", "{2C799A73-EF72-492E-9C82-85AE1742CCDE}"
EndProject
Global
	GlobalSection(SolutionConfigurationPlatforms) = preSolution
		Debug|Any CPU = Debug|Any CPU
		Release|Any CPU = Release|Any CPU
	EndGlobalSection
	GlobalSection(ProjectConfigurationPlatforms) = postSolution
		{2C799A73-EF72-492E-9C82-85AE1742CCDE}.Debug|Any CPU.ActiveCfg = Debug|Any CPU
		{2C799A73-EF72-492E-9C82-85AE1742CCDE}.Debug|Any CPU.Build.0 = Debug|Any CPU
		{2C799A73-EF72-492E-9C82-85AE1742CCDE}.Release|Any CPU.ActiveCfg = Release|Any CPU
		{2C799A73-EF72-492E-9C82-85AE1742CCDE}.Release|Any CPU.Build.0 = Release|Any CPU
	EndGlobalSection
	GlobalSection(SolutionProperties) = preSolution
		HideSolutionNode = FALSE
	EndGlobalSection
	GlobalSection(ExtensibilityGlobals) = postSolution
		SolutionGuid = {38B61379-5C6F-4505-88C2-07EFBF6539EF}
	EndGlobalSection
EndGlobal
